
Microsoft Visual Studio Solution File, Format Version 12.00
# Visual Studio 15
VisualStudioVersion = 15.0.28307.329
MinimumVisualStudioVersion = 10.0.40219.1
Project("{FAE04EC0-301F-11D3-BF4B-00C04F79EFBC}") = "MvcMovie", "MvcMovie\MvcMovie.csproj", "{71F97DC5-583B-4429-81BA-4D16FC011371}"
EndProject
Global
	GlobalSection(SolutionConfigurationPlatforms) = preSolution
		Debug|Any CPU = Debug|Any CPU
		Release|Any CPU = Release|Any CPU
	EndGlobalSection
	GlobalSection(ProjectConfigurationPlatforms) = postSolution
		{71F97DC5-583B-4429-81BA-4D16FC011371}.Debug|Any CPU.ActiveCfg = Debug|Any CPU
		{71F97DC5-583B-4429-81BA-4D16FC011371}.Debug|Any CPU.Build.0 = Debug|Any CPU
		{71F97DC5-583B-4429-81BA-4D16FC011371}.Release|Any CPU.ActiveCfg = Release|Any CPU
		{71F97DC5-583B-4429-81BA-4D16FC011371}.Release|Any CPU.Build.0 = Release|Any CPU
	EndGlobalSection
	GlobalSection(SolutionProperties) = preSolution
		HideSolutionNode = FALSE
	EndGlobalSection
	GlobalSection(ExtensibilityGlobals) = postSolution
		SolutionGuid = {A9E3FCD6-6909-40E8-8A36-CE7B1C7E1E89}
	EndGlobalSection
EndGlobal
